
Microsoft Visual Studio Solution File, Format Version 12.00
# Visual Studio Express 2012 for Web
Project("{FAE04EC0-301F-11D3-BF4B-00C04F79EFBC}") = "UnitTesting", "UnitTesting\UnitTesting.csproj", "{28C150A0-0AFE-4959-9A6F-7C9C3259AFE9}"
EndProject
Project("{FAE04EC0-301F-11D3-BF4B-00C04F79EFBC}") = "UnitTestingTests", "UnitTestingTests\UnitTestingTests.csproj", "{06E2933A-7E51-4BF5-84F9-2A6A793C55FE}"
EndProject
Global
	GlobalSection(SolutionConfigurationPlatforms) = preSolution
		Debug|Any CPU = Debug|Any CPU
		Release|Any CPU = Release|Any CPU
	EndGlobalSection
	GlobalSection(ProjectConfigurationPlatforms) = postSolution
		{28C150A0-0AFE-4959-9A6F-7C9C3259AFE9}.Debug|Any CPU.ActiveCfg = Debug|Any CPU
		{28C150A0-0AFE-4959-9A6F-7C9C3259AFE9}.Debug|Any CPU.Build.0 = Debug|Any CPU
		{28C150A0-0AFE-4959-9A6F-7C9C3259AFE9}.Release|Any CPU.ActiveCfg = Release|Any CPU
		{28C150A0-0AFE-4959-9A6F-7C9C3259AFE9}.Release|Any CPU.Build.0 = Release|Any CPU
		{06E2933A-7E51-4BF5-84F9-2A6A793C55FE}.Debug|Any CPU.ActiveCfg = Debug|Any CPU
		{06E2933A-7E51-4BF5-84F9-2A6A793C55FE}.Debug|Any CPU.Build.0 = Debug|Any CPU
		{06E2933A-7E51-4BF5-84F9-2A6A793C55FE}.Release|Any CPU.ActiveCfg = Release|Any CPU
		{06E2933A-7E51-4BF5-84F9-2A6A793C55FE}.Release|Any CPU.Build.0 = Release|Any CPU
	EndGlobalSection
	GlobalSection(SolutionProperties) = preSolution
		HideSolutionNode = FALSE
	EndGlobalSection
EndGlobal
