
Microsoft Visual Studio Solution File, Format Version 12.00
# Visual Studio Express 2012 for Web
Project("{FAE04EC0-301F-11D3-BF4B-00C04F79EFBC}") = "Domain", "Domain\Domain.csproj", "{6E2BD296-DA2F-493F-B5BA-48B7A2ECCE36}"
EndProject
Project("{FAE04EC0-301F-11D3-BF4B-00C04F79EFBC}") = "DomainTests", "DomainTests\DomainTests.csproj", "{2BDDDC6E-08AA-4708-B360-3E794F739E71}"
EndProject
Global
	GlobalSection(SolutionConfigurationPlatforms) = preSolution
		Debug|Any CPU = Debug|Any CPU
		Release|Any CPU = Release|Any CPU
	EndGlobalSection
	GlobalSection(ProjectConfigurationPlatforms) = postSolution
		{6E2BD296-DA2F-493F-B5BA-48B7A2ECCE36}.Debug|Any CPU.ActiveCfg = Debug|Any CPU
		{6E2BD296-DA2F-493F-B5BA-48B7A2ECCE36}.Debug|Any CPU.Build.0 = Debug|Any CPU
		{6E2BD296-DA2F-493F-B5BA-48B7A2ECCE36}.Release|Any CPU.ActiveCfg = Release|Any CPU
		{6E2BD296-DA2F-493F-B5BA-48B7A2ECCE36}.Release|Any CPU.Build.0 = Release|Any CPU
		{2BDDDC6E-08AA-4708-B360-3E794F739E71}.Debug|Any CPU.ActiveCfg = Debug|Any CPU
		{2BDDDC6E-08AA-4708-B360-3E794F739E71}.Debug|Any CPU.Build.0 = Debug|Any CPU
		{2BDDDC6E-08AA-4708-B360-3E794F739E71}.Release|Any CPU.ActiveCfg = Release|Any CPU
		{2BDDDC6E-08AA-4708-B360-3E794F739E71}.Release|Any CPU.Build.0 = Release|Any CPU
	EndGlobalSection
	GlobalSection(SolutionProperties) = preSolution
		HideSolutionNode = FALSE
	EndGlobalSection
EndGlobal
